
Microsoft Visual Studio Solution File, Format Version 12.00
# Visual Studio Version 16
VisualStudioVersion = 16.6.30114.105
MinimumVisualStudioVersion = 10.0.40219.1
Project("{FAE04EC0-301F-11D3-BF4B-00C04F79EFBC}") = "ZombieSurvival", "ZombieSurvival\ZombieSurvival.csproj", "{61D851E4-6AFE-4976-8191-8AC0439B1331}"
EndProject
Project("{FAE04EC0-301F-11D3-BF4B-00C04F79EFBC}") = "ZombieSurvival.Tests", "ZombieSurvival.Tests\ZombieSurvival.Tests.csproj", "{9955BF5C-9DEA-402D-B4FC-C5828AE7EADC}"
EndProject
Global
	GlobalSection(SolutionConfigurationPlatforms) = preSolution
		Debug|Any CPU = Debug|Any CPU
		Debug|x64 = Debug|x64
		Debug|x86 = Debug|x86
		Release|Any CPU = Release|Any CPU
		Release|x64 = Release|x64
		Release|x86 = Release|x86
	EndGlobalSection
	GlobalSection(SolutionProperties) = preSolution
		HideSolutionNode = FALSE
	EndGlobalSection
	GlobalSection(ProjectConfigurationPlatforms) = postSolution
		{61D851E4-6AFE-4976-8191-8AC0439B1331}.Debug|Any CPU.ActiveCfg = Debug|Any CPU
		{61D851E4-6AFE-4976-8191-8AC0439B1331}.Debug|Any CPU.Build.0 = Debug|Any CPU
		{61D851E4-6AFE-4976-8191-8AC0439B1331}.Debug|x64.ActiveCfg = Debug|Any CPU
		{61D851E4-6AFE-4976-8191-8AC0439B1331}.Debug|x64.Build.0 = Debug|Any CPU
		{61D851E4-6AFE-4976-8191-8AC0439B1331}.Debug|x86.ActiveCfg = Debug|Any CPU
		{61D851E4-6AFE-4976-8191-8AC0439B1331}.Debug|x86.Build.0 = Debug|Any CPU
		{61D851E4-6AFE-4976-8191-8AC0439B1331}.Release|Any CPU.ActiveCfg = Release|Any CPU
		{61D851E4-6AFE-4976-8191-8AC0439B1331}.Release|Any CPU.Build.0 = Release|Any CPU
		{61D851E4-6AFE-4976-8191-8AC0439B1331}.Release|x64.ActiveCfg = Release|Any CPU
		{61D851E4-6AFE-4976-8191-8AC0439B1331}.Release|x64.Build.0 = Release|Any CPU
		{61D851E4-6AFE-4976-8191-8AC0439B1331}.Release|x86.ActiveCfg = Release|Any CPU
		{61D851E4-6AFE-4976-8191-8AC0439B1331}.Release|x86.Build.0 = Release|Any CPU
		{9955BF5C-9DEA-402D-B4FC-C5828AE7EADC}.Debug|Any CPU.ActiveCfg = Debug|Any CPU
		{9955BF5C-9DEA-402D-B4FC-C5828AE7EADC}.Debug|Any CPU.Build.0 = Debug|Any CPU
		{9955BF5C-9DEA-402D-B4FC-C5828AE7EADC}.Debug|x64.ActiveCfg = Debug|Any CPU
		{9955BF5C-9DEA-402D-B4FC-C5828AE7EADC}.Debug|x64.Build.0 = Debug|Any CPU
		{9955BF5C-9DEA-402D-B4FC-C5828AE7EADC}.Debug|x86.ActiveCfg = Debug|Any CPU
		{9955BF5C-9DEA-402D-B4FC-C5828AE7EADC}.Debug|x86.Build.0 = Debug|Any CPU
		{9955BF5C-9DEA-402D-B4FC-C5828AE7EADC}.Release|Any CPU.ActiveCfg = Release|Any CPU
		{9955BF5C-9DEA-402D-B4FC-C5828AE7EADC}.Release|Any CPU.Build.0 = Release|Any CPU
		{9955BF5C-9DEA-402D-B4FC-C5828AE7EADC}.Release|x64.ActiveCfg = Release|Any CPU
		{9955BF5C-9DEA-402D-B4FC-C5828AE7EADC}.Release|x64.Build.0 = Release|Any CPU
		{9955BF5C-9DEA-402D-B4FC-C5828AE7EADC}.Release|x86.ActiveCfg = Release|Any CPU
		{9955BF5C-9DEA-402D-B4FC-C5828AE7EADC}.Release|x86.Build.0 = Release|Any CPU
	EndGlobalSection
EndGlobal
